// !$*UTF8*$!
{
	archiveVersion = 1;
	classes = {
	};
	objectVersion = 46;
	objects = {

/* Begin PBXBuildFile section */
		9C13356618F2135E00243849 /* Foundation.framework in Frameworks */ = {isa = PBXBuildFile; fileRef = 9C13356518F2135E00243849 /* Foundation.framework */; };
		9C13356818F2135E00243849 /* CoreGraphics.framework in Frameworks */ = {isa = PBXBuildFile; fileRef = 9C13356718F2135E00243849 /* CoreGraphics.framework */; };
		9C13356A18F2135E00243849 /* UIKit.framework in Frameworks */ = {isa = PBXBuildFile; fileRef = 9C13356918F2135E00243849 /* UIKit.framework */; };
		9C13357018F2135E00243849 /* InfoPlist.strings in Resources */ = {isa = PBXBuildFile; fileRef = 9C13356E18F2135E00243849 /* InfoPlist.strings */; };
		9C13357218F2135E00243849 /* main.m in Sources */ = {isa = PBXBuildFile; fileRef = 9C13357118F2135E00243849 /* main.m */; };
		9C13357618F2135E00243849 /* CENAppDelegate.m in Sources */ = {isa = PBXBuildFile; fileRef = 9C13357518F2135E00243849 /* CENAppDelegate.m */; };
		9C13357918F2135E00243849 /* Main.storyboard in Resources */ = {isa = PBXBuildFile; fileRef = 9C13357718F2135E00243849 /* Main.storyboard */; };
		9C13357C18F2135E00243849 /* CENViewController.m in Sources */ = {isa = PBXBuildFile; fileRef = 9C13357B18F2135E00243849 /* CENViewController.m */; };
		9C13357E18F2135E00243849 /* Images.xcassets in Resources */ = {isa = PBXBuildFile; fileRef = 9C13357D18F2135E00243849 /* Images.xcassets */; };
		9C13358518F2135E00243849 /* XCTest.framework in Frameworks */ = {isa = PBXBuildFile; fileRef = 9C13358418F2135E00243849 /* XCTest.framework */; };
		9C13358618F2135E00243849 /* Foundation.framework in Frameworks */ = {isa = PBXBuildFile; fileRef = 9C13356518F2135E00243849 /* Foundation.framework */; };
		9C13358718F2135E00243849 /* UIKit.framework in Frameworks */ = {isa = PBXBuildFile; fileRef = 9C13356918F2135E00243849 /* UIKit.framework */; };
		9C13358F18F2135E00243849 /* InfoPlist.strings in Resources */ = {isa = PBXBuildFile; fileRef = 9C13358D18F2135E00243849 /* InfoPlist.strings */; };
		9C13359118F2135E00243849 /* CenterTests.m in Sources */ = {isa = PBXBuildFile; fileRef = 9C13359018F2135E00243849 /* CenterTests.m */; };
		9C13359C18F214BC00243849 /* CENSearchViewController.m in Sources */ = {isa = PBXBuildFile; fileRef = 9C13359B18F214BC00243849 /* CENSearchViewController.m */; };
		9C1335A018F214DD00243849 /* CENContactViewController.m in Sources */ = {isa = PBXBuildFile; fileRef = 9C13359F18F214DD00243849 /* CENContactViewController.m */; };
		9C1335A318F2186800243849 /* MapKit.framework in Frameworks */ = {isa = PBXBuildFile; fileRef = 9C1335A218F2186800243849 /* MapKit.framework */; };
		9C1335A518F2186F00243849 /* CoreLocation.framework in Frameworks */ = {isa = PBXBuildFile; fileRef = 9C1335A418F2186F00243849 /* CoreLocation.framework */; };
		9C1335AE18F6372600243849 /* CENContactManager.m in Sources */ = {isa = PBXBuildFile; fileRef = 9C1335AD18F6372600243849 /* CENContactManager.m */; };
		9C1335AF18F6372600243849 /* CENContactManager.m in Sources */ = {isa = PBXBuildFile; fileRef = 9C1335AD18F6372600243849 /* CENContactManager.m */; };
		9C1335B818F6376900243849 /* CENSearchManager.m in Sources */ = {isa = PBXBuildFile; fileRef = 9C1335B718F6376900243849 /* CENSearchManager.m */; };
		9C1335B918F6376900243849 /* CENSearchManager.m in Sources */ = {isa = PBXBuildFile; fileRef = 9C1335B718F6376900243849 /* CENSearchManager.m */; };
		9C1335BC18F63A7B00243849 /* CENContact.m in Sources */ = {isa = PBXBuildFile; fileRef = 9C1335BB18F63A7B00243849 /* CENContact.m */; };
		9C1335BD18F63A7B00243849 /* CENContact.m in Sources */ = {isa = PBXBuildFile; fileRef = 9C1335BB18F63A7B00243849 /* CENContact.m */; };
		9C1335C118F7504900243849 /* CENTravelInfoViewController.m in Sources */ = {isa = PBXBuildFile; fileRef = 9C1335C018F7504900243849 /* CENTravelInfoViewController.m */; };
		9C1335CB18F78EA400243849 /* CENContactViewTableViewCell.m in Sources */ = {isa = PBXBuildFile; fileRef = 9C1335CA18F78EA400243849 /* CENContactViewTableViewCell.m */; };
		9C1335CE18F8884E00243849 /* AddressBook.framework in Frameworks */ = {isa = PBXBuildFile; fileRef = 9C1335CC18F8884E00243849 /* AddressBook.framework */; };
		9C1335CF18F8884E00243849 /* AddressBookUI.framework in Frameworks */ = {isa = PBXBuildFile; fileRef = 9C1335CD18F8884E00243849 /* AddressBookUI.framework */; };
		9C18425F19154BE200FB83D7 /* CENContactInfoCVCell.m in Sources */ = {isa = PBXBuildFile; fileRef = 9C18425E19154BE200FB83D7 /* CENContactInfoCVCell.m */; };
		9C18426319154E9300FB83D7 /* CENContactTravelInfoPhotoView.m in Sources */ = {isa = PBXBuildFile; fileRef = 9C18426219154E9300FB83D7 /* CENContactTravelInfoPhotoView.m */; };
		9C18426619154EAE00FB83D7 /* CENContactTravelInfoBadgeView.m in Sources */ = {isa = PBXBuildFile; fileRef = 9C18426519154EAE00FB83D7 /* CENContactTravelInfoBadgeView.m */; };
		9C18426A19171F9500FB83D7 /* CENAddContactCVCell.m in Sources */ = {isa = PBXBuildFile; fileRef = 9C18426919171F9500FB83D7 /* CENAddContactCVCell.m */; };
		9C67F3DC190B71FF00C80CD7 /* CENSearchRadiusControlAnnotationView.m in Sources */ = {isa = PBXBuildFile; fileRef = 9C67F3DB190B71FF00C80CD7 /* CENSearchRadiusControlAnnotationView.m */; };
		9C67F3DF190B720E00C80CD7 /* CENSearchRadiusControlAnnotation.m in Sources */ = {isa = PBXBuildFile; fileRef = 9C67F3DE190B720E00C80CD7 /* CENSearchRadiusControlAnnotation.m */; };
		9C67F3E3190C5C7400C80CD7 /* CENContactMidpointOverlayRenderer.m in Sources */ = {isa = PBXBuildFile; fileRef = 9C67F3E2190C5C7400C80CD7 /* CENContactMidpointOverlayRenderer.m */; };
		9C67F3E6190C5C9D00C80CD7 /* CENContactMidpointOverlay.m in Sources */ = {isa = PBXBuildFile; fileRef = 9C67F3E5190C5C9D00C80CD7 /* CENContactMidpointOverlay.m */; };
		9C6FF4BE18FE20BC0000393D /* CENContactAnnotation.m in Sources */ = {isa = PBXBuildFile; fileRef = 9C6FF4BD18FE20BC0000393D /* CENContactAnnotation.m */; };
		9C6FF4BF18FE20BC0000393D /* CENContactAnnotation.m in Sources */ = {isa = PBXBuildFile; fileRef = 9C6FF4BD18FE20BC0000393D /* CENContactAnnotation.m */; };
		9C6FF4C418FE2BC50000393D /* CENSearchResultAnnotation.m in Sources */ = {isa = PBXBuildFile; fileRef = 9C6FF4C318FE2BC50000393D /* CENSearchResultAnnotation.m */; };
		9C6FF4C518FE2BC50000393D /* CENSearchResultAnnotation.m in Sources */ = {isa = PBXBuildFile; fileRef = 9C6FF4C318FE2BC50000393D /* CENSearchResultAnnotation.m */; };
		9C6FF4C918FE2D4F0000393D /* CENSearchResult.m in Sources */ = {isa = PBXBuildFile; fileRef = 9C6FF4C818FE2D4F0000393D /* CENSearchResult.m */; };
		9C6FF4CA18FE2D4F0000393D /* CENSearchResult.m in Sources */ = {isa = PBXBuildFile; fileRef = 9C6FF4C818FE2D4F0000393D /* CENSearchResult.m */; };
		9C6FF4CD18FF800B0000393D /* CENContactAnnotationView.m in Sources */ = {isa = PBXBuildFile; fileRef = 9C6FF4CC18FF800B0000393D /* CENContactAnnotationView.m */; };
		9C6FF4CE18FF800B0000393D /* CENContactAnnotationView.m in Sources */ = {isa = PBXBuildFile; fileRef = 9C6FF4CC18FF800B0000393D /* CENContactAnnotationView.m */; };
		9C7F6128191EF3F400DFA475 /* CENSearchViewControllerUIView.m in Sources */ = {isa = PBXBuildFile; fileRef = 9C7F6127191EF3F400DFA475 /* CENSearchViewControllerUIView.m */; };
		9C7F612B191EFA3700DFA475 /* CENPassTouchView.m in Sources */ = {isa = PBXBuildFile; fileRef = 9C7F612A191EFA3700DFA475 /* CENPassTouchView.m */; };
		9CC8CB351900AAB100D33497 /* defaultContactThumbnail.png in Resources */ = {isa = PBXBuildFile; fileRef = 9CC8CB341900AAB100D33497 /* defaultContactThumbnail.png */; };
		9CD51C8718F8A095006CCDB1 /* CENLocationController.m in Sources */ = {isa = PBXBuildFile; fileRef = 9CD51C8618F8A095006CCDB1 /* CENLocationController.m */; };
		9CD51C8818F8A095006CCDB1 /* CENLocationController.m in Sources */ = {isa = PBXBuildFile; fileRef = 9CD51C8618F8A095006CCDB1 /* CENLocationController.m */; };
		9CD51C8B18F8A566006CCDB1 /* Global Settings.plist in Resources */ = {isa = PBXBuildFile; fileRef = 9CD51C8A18F8A566006CCDB1 /* Global Settings.plist */; };
		9CD51C8C18F8A566006CCDB1 /* Global Settings.plist in Resources */ = {isa = PBXBuildFile; fileRef = 9CD51C8A18F8A566006CCDB1 /* Global Settings.plist */; };
		9CD51C8F18FADE72006CCDB1 /* CENCommon.m in Sources */ = {isa = PBXBuildFile; fileRef = 9CD51C8E18FADE72006CCDB1 /* CENCommon.m */; };
		9CD51C9018FADE72006CCDB1 /* CENCommon.m in Sources */ = {isa = PBXBuildFile; fileRef = 9CD51C8E18FADE72006CCDB1 /* CENCommon.m */; };
		9CD51C9318FCA4CA006CCDB1 /* CENMapController.m in Sources */ = {isa = PBXBuildFile; fileRef = 9CD51C9218FCA4CA006CCDB1 /* CENMapController.m */; };
		9CD51C9418FCA4CA006CCDB1 /* CENMapController.m in Sources */ = {isa = PBXBuildFile; fileRef = 9CD51C9218FCA4CA006CCDB1 /* CENMapController.m */; };
		9CD5A837190F282C00C195F8 /* CENMapView.m in Sources */ = {isa = PBXBuildFile; fileRef = 9CD5A836190F282C00C195F8 /* CENMapView.m */; };
		9CE45F4E19037EEC000D2DC4 /* CENContactsMidpointAnnotation.m in Sources */ = {isa = PBXBuildFile; fileRef = 9CE45F4D19037EEC000D2DC4 /* CENContactsMidpointAnnotation.m */; };
		9CE45F51190390FF000D2DC4 /* CENContactMidpointAnnotationView.m in Sources */ = {isa = PBXBuildFile; fileRef = 9CE45F50190390FF000D2DC4 /* CENContactMidpointAnnotationView.m */; };
/* End PBXBuildFile section */

/* Begin PBXContainerItemProxy section */
		9C13358818F2135E00243849 /* PBXContainerItemProxy */ = {
			isa = PBXContainerItemProxy;
			containerPortal = 9C13355A18F2135E00243849 /* Project object */;
			proxyType = 1;
			remoteGlobalIDString = 9C13356118F2135E00243849;
			remoteInfo = Center;
		};
/* End PBXContainerItemProxy section */

/* Begin PBXFileReference section */
		9C13356218F2135E00243849 /* Center.app */ = {isa = PBXFileReference; explicitFileType = wrapper.application; includeInIndex = 0; path = Center.app; sourceTree = BUILT_PRODUCTS_DIR; };
		9C13356518F2135E00243849 /* Foundation.framework */ = {isa = PBXFileReference; lastKnownFileType = wrapper.framework; name = Foundation.framework; path = System/Library/Frameworks/Foundation.framework; sourceTree = SDKROOT; };
		9C13356718F2135E00243849 /* CoreGraphics.framework */ = {isa = PBXFileReference; lastKnownFileType = wrapper.framework; name = CoreGraphics.framework; path = System/Library/Frameworks/CoreGraphics.framework; sourceTree = SDKROOT; };
		9C13356918F2135E00243849 /* UIKit.framework */ = {isa = PBXFileReference; lastKnownFileType = wrapper.framework; name = UIKit.framework; path = System/Library/Frameworks/UIKit.framework; sourceTree = SDKROOT; };
		9C13356D18F2135E00243849 /* Center-Info.plist */ = {isa = PBXFileReference; lastKnownFileType = text.plist.xml; path = "Center-Info.plist"; sourceTree = "<group>"; };
		9C13356F18F2135E00243849 /* en */ = {isa = PBXFileReference; lastKnownFileType = text.plist.strings; name = en; path = en.lproj/InfoPlist.strings; sourceTree = "<group>"; };
		9C13357118F2135E00243849 /* main.m */ = {isa = PBXFileReference; lastKnownFileType = sourcecode.c.objc; path = main.m; sourceTree = "<group>"; };
		9C13357318F2135E00243849 /* Center-Prefix.pch */ = {isa = PBXFileReference; lastKnownFileType = sourcecode.c.h; path = "Center-Prefix.pch"; sourceTree = "<group>"; };
		9C13357418F2135E00243849 /* CENAppDelegate.h */ = {isa = PBXFileReference; lastKnownFileType = sourcecode.c.h; path = CENAppDelegate.h; sourceTree = "<group>"; };
		9C13357518F2135E00243849 /* CENAppDelegate.m */ = {isa = PBXFileReference; lastKnownFileType = sourcecode.c.objc; lineEnding = 0; path = CENAppDelegate.m; sourceTree = "<group>"; xcLanguageSpecificationIdentifier = xcode.lang.objc; };
		9C13357818F2135E00243849 /* Base */ = {isa = PBXFileReference; lastKnownFileType = file.storyboard; name = Base; path = Base.lproj/Main.storyboard; sourceTree = "<group>"; };
		9C13357A18F2135E00243849 /* CENViewController.h */ = {isa = PBXFileReference; lastKnownFileType = sourcecode.c.h; path = CENViewController.h; sourceTree = "<group>"; };
		9C13357B18F2135E00243849 /* CENViewController.m */ = {isa = PBXFileReference; lastKnownFileType = sourcecode.c.objc; lineEnding = 0; path = CENViewController.m; sourceTree = "<group>"; xcLanguageSpecificationIdentifier = xcode.lang.objc; };
		9C13357D18F2135E00243849 /* Images.xcassets */ = {isa = PBXFileReference; lastKnownFileType = folder.assetcatalog; path = Images.xcassets; sourceTree = "<group>"; };
		9C13358318F2135E00243849 /* CenterTests.xctest */ = {isa = PBXFileReference; explicitFileType = wrapper.cfbundle; includeInIndex = 0; path = CenterTests.xctest; sourceTree = BUILT_PRODUCTS_DIR; };
		9C13358418F2135E00243849 /* XCTest.framework */ = {isa = PBXFileReference; lastKnownFileType = wrapper.framework; name = XCTest.framework; path = Library/Frameworks/XCTest.framework; sourceTree = DEVELOPER_DIR; };
		9C13358C18F2135E00243849 /* CenterTests-Info.plist */ = {isa = PBXFileReference; lastKnownFileType = text.plist.xml; path = "CenterTests-Info.plist"; sourceTree = "<group>"; };
		9C13358E18F2135E00243849 /* en */ = {isa = PBXFileReference; lastKnownFileType = text.plist.strings; name = en; path = en.lproj/InfoPlist.strings; sourceTree = "<group>"; };
		9C13359018F2135E00243849 /* CenterTests.m */ = {isa = PBXFileReference; lastKnownFileType = sourcecode.c.objc; path = CenterTests.m; sourceTree = "<group>"; };
		9C13359A18F214BC00243849 /* CENSearchViewController.h */ = {isa = PBXFileReference; fileEncoding = 4; lastKnownFileType = sourcecode.c.h; path = CENSearchViewController.h; sourceTree = "<group>"; };
		9C13359B18F214BC00243849 /* CENSearchViewController.m */ = {isa = PBXFileReference; fileEncoding = 4; lastKnownFileType = sourcecode.c.objc; path = CENSearchViewController.m; sourceTree = "<group>"; };
		9C13359E18F214DD00243849 /* CENContactViewController.h */ = {isa = PBXFileReference; fileEncoding = 4; lastKnownFileType = sourcecode.c.h; path = CENContactViewController.h; sourceTree = "<group>"; };
		9C13359F18F214DD00243849 /* CENContactViewController.m */ = {isa = PBXFileReference; fileEncoding = 4; lastKnownFileType = sourcecode.c.objc; lineEnding = 0; path = CENContactViewController.m; sourceTree = "<group>"; xcLanguageSpecificationIdentifier = xcode.lang.objc; };
		9C1335A218F2186800243849 /* MapKit.framework */ = {isa = PBXFileReference; lastKnownFileType = wrapper.framework; name = MapKit.framework; path = System/Library/Frameworks/MapKit.framework; sourceTree = SDKROOT; };
		9C1335A418F2186F00243849 /* CoreLocation.framework */ = {isa = PBXFileReference; lastKnownFileType = wrapper.framework; name = CoreLocation.framework; path = System/Library/Frameworks/CoreLocation.framework; sourceTree = SDKROOT; };
		9C1335AC18F6372600243849 /* CENContactManager.h */ = {isa = PBXFileReference; fileEncoding = 4; lastKnownFileType = sourcecode.c.h; path = CENContactManager.h; sourceTree = "<group>"; };
		9C1335AD18F6372600243849 /* CENContactManager.m */ = {isa = PBXFileReference; fileEncoding = 4; lastKnownFileType = sourcecode.c.objc; lineEnding = 0; path = CENContactManager.m; sourceTree = "<group>"; xcLanguageSpecificationIdentifier = xcode.lang.objc; };
		9C1335B618F6376900243849 /* CENSearchManager.h */ = {isa = PBXFileReference; fileEncoding = 4; lastKnownFileType = sourcecode.c.h; path = CENSearchManager.h; sourceTree = "<group>"; };
		9C1335B718F6376900243849 /* CENSearchManager.m */ = {isa = PBXFileReference; fileEncoding = 4; lastKnownFileType = sourcecode.c.objc; path = CENSearchManager.m; sourceTree = "<group>"; };
		9C1335BA18F63A7B00243849 /* CENContact.h */ = {isa = PBXFileReference; fileEncoding = 4; lastKnownFileType = sourcecode.c.h; path = CENContact.h; sourceTree = "<group>"; };
		9C1335BB18F63A7B00243849 /* CENContact.m */ = {isa = PBXFileReference; fileEncoding = 4; lastKnownFileType = sourcecode.c.objc; lineEnding = 0; path = CENContact.m; sourceTree = "<group>"; xcLanguageSpecificationIdentifier = xcode.lang.objc; };
		9C1335BF18F7504900243849 /* CENTravelInfoViewController.h */ = {isa = PBXFileReference; fileEncoding = 4; lastKnownFileType = sourcecode.c.h; path = CENTravelInfoViewController.h; sourceTree = "<group>"; };
		9C1335C018F7504900243849 /* CENTravelInfoViewController.m */ = {isa = PBXFileReference; fileEncoding = 4; lastKnownFileType = sourcecode.c.objc; path = CENTravelInfoViewController.m; sourceTree = "<group>"; };
		9C1335C918F78EA400243849 /* CENContactViewTableViewCell.h */ = {isa = PBXFileReference; fileEncoding = 4; lastKnownFileType = sourcecode.c.h; path = CENContactViewTableViewCell.h; sourceTree = "<group>"; };
		9C1335CA18F78EA400243849 /* CENContactViewTableViewCell.m */ = {isa = PBXFileReference; fileEncoding = 4; lastKnownFileType = sourcecode.c.objc; path = CENContactViewTableViewCell.m; sourceTree = "<group>"; };
		9C1335CC18F8884E00243849 /* AddressBook.framework */ = {isa = PBXFileReference; lastKnownFileType = wrapper.framework; name = AddressBook.framework; path = System/Library/Frameworks/AddressBook.framework; sourceTree = SDKROOT; };
		9C1335CD18F8884E00243849 /* AddressBookUI.framework */ = {isa = PBXFileReference; lastKnownFileType = wrapper.framework; name = AddressBookUI.framework; path = System/Library/Frameworks/AddressBookUI.framework; sourceTree = SDKROOT; };
		9C18425D19154BE200FB83D7 /* CENContactInfoCVCell.h */ = {isa = PBXFileReference; fileEncoding = 4; lastKnownFileType = sourcecode.c.h; name = CENContactInfoCVCell.h; path = ../CENContactInfoCVCell.h; sourceTree = "<group>"; };
		9C18425E19154BE200FB83D7 /* CENContactInfoCVCell.m */ = {isa = PBXFileReference; fileEncoding = 4; lastKnownFileType = sourcecode.c.objc; name = CENContactInfoCVCell.m; path = ../CENContactInfoCVCell.m; sourceTree = "<group>"; };
		9C18426119154E9300FB83D7 /* CENContactTravelInfoPhotoView.h */ = {isa = PBXFileReference; fileEncoding = 4; lastKnownFileType = sourcecode.c.h; path = CENContactTravelInfoPhotoView.h; sourceTree = "<group>"; };
		9C18426219154E9300FB83D7 /* CENContactTravelInfoPhotoView.m */ = {isa = PBXFileReference; fileEncoding = 4; lastKnownFileType = sourcecode.c.objc; path = CENContactTravelInfoPhotoView.m; sourceTree = "<group>"; };
		9C18426419154EAE00FB83D7 /* CENContactTravelInfoBadgeView.h */ = {isa = PBXFileReference; fileEncoding = 4; lastKnownFileType = sourcecode.c.h; path = CENContactTravelInfoBadgeView.h; sourceTree = "<group>"; };
		9C18426519154EAE00FB83D7 /* CENContactTravelInfoBadgeView.m */ = {isa = PBXFileReference; fileEncoding = 4; lastKnownFileType = sourcecode.c.objc; path = CENContactTravelInfoBadgeView.m; sourceTree = "<group>"; };
		9C18426819171F9500FB83D7 /* CENAddContactCVCell.h */ = {isa = PBXFileReference; fileEncoding = 4; lastKnownFileType = sourcecode.c.h; name = CENAddContactCVCell.h; path = ../CENAddContactCVCell.h; sourceTree = "<group>"; };
		9C18426919171F9500FB83D7 /* CENAddContactCVCell.m */ = {isa = PBXFileReference; fileEncoding = 4; lastKnownFileType = sourcecode.c.objc; name = CENAddContactCVCell.m; path = ../CENAddContactCVCell.m; sourceTree = "<group>"; };
		9C67F3DA190B71FF00C80CD7 /* CENSearchRadiusControlAnnotationView.h */ = {isa = PBXFileReference; fileEncoding = 4; lastKnownFileType = sourcecode.c.h; path = CENSearchRadiusControlAnnotationView.h; sourceTree = "<group>"; };
		9C67F3DB190B71FF00C80CD7 /* CENSearchRadiusControlAnnotationView.m */ = {isa = PBXFileReference; fileEncoding = 4; lastKnownFileType = sourcecode.c.objc; path = CENSearchRadiusControlAnnotationView.m; sourceTree = "<group>"; };
		9C67F3DD190B720E00C80CD7 /* CENSearchRadiusControlAnnotation.h */ = {isa = PBXFileReference; fileEncoding = 4; lastKnownFileType = sourcecode.c.h; path = CENSearchRadiusControlAnnotation.h; sourceTree = "<group>"; };
		9C67F3DE190B720E00C80CD7 /* CENSearchRadiusControlAnnotation.m */ = {isa = PBXFileReference; fileEncoding = 4; lastKnownFileType = sourcecode.c.objc; path = CENSearchRadiusControlAnnotation.m; sourceTree = "<group>"; };
		9C67F3E1190C5C7400C80CD7 /* CENContactMidpointOverlayRenderer.h */ = {isa = PBXFileReference; fileEncoding = 4; lastKnownFileType = sourcecode.c.h; path = CENContactMidpointOverlayRenderer.h; sourceTree = "<group>"; };
		9C67F3E2190C5C7400C80CD7 /* CENContactMidpointOverlayRenderer.m */ = {isa = PBXFileReference; fileEncoding = 4; lastKnownFileType = sourcecode.c.objc; path = CENContactMidpointOverlayRenderer.m; sourceTree = "<group>"; };
		9C67F3E4190C5C9D00C80CD7 /* CENContactMidpointOverlay.h */ = {isa = PBXFileReference; fileEncoding = 4; lastKnownFileType = sourcecode.c.h; path = CENContactMidpointOverlay.h; sourceTree = "<group>"; };
		9C67F3E5190C5C9D00C80CD7 /* CENContactMidpointOverlay.m */ = {isa = PBXFileReference; fileEncoding = 4; lastKnownFileType = sourcecode.c.objc; path = CENContactMidpointOverlay.m; sourceTree = "<group>"; };
		9C6FF4BC18FE20BC0000393D /* CENContactAnnotation.h */ = {isa = PBXFileReference; fileEncoding = 4; lastKnownFileType = sourcecode.c.h; name = CENContactAnnotation.h; path = ../CENContactAnnotation.h; sourceTree = "<group>"; };
		9C6FF4BD18FE20BC0000393D /* CENContactAnnotation.m */ = {isa = PBXFileReference; fileEncoding = 4; lastKnownFileType = sourcecode.c.objc; name = CENContactAnnotation.m; path = ../CENContactAnnotation.m; sourceTree = "<group>"; };
		9C6FF4C218FE2BC50000393D /* CENSearchResultAnnotation.h */ = {isa = PBXFileReference; fileEncoding = 4; lastKnownFileType = sourcecode.c.h; path = CENSearchResultAnnotation.h; sourceTree = "<group>"; };
		9C6FF4C318FE2BC50000393D /* CENSearchResultAnnotation.m */ = {isa = PBXFileReference; fileEncoding = 4; lastKnownFileType = sourcecode.c.objc; path = CENSearchResultAnnotation.m; sourceTree = "<group>"; };
		9C6FF4C718FE2D4F0000393D /* CENSearchResult.h */ = {isa = PBXFileReference; fileEncoding = 4; lastKnownFileType = sourcecode.c.h; path = CENSearchResult.h; sourceTree = "<group>"; };
		9C6FF4C818FE2D4F0000393D /* CENSearchResult.m */ = {isa = PBXFileReference; fileEncoding = 4; lastKnownFileType = sourcecode.c.objc; path = CENSearchResult.m; sourceTree = "<group>"; };
		9C6FF4CB18FF800B0000393D /* CENContactAnnotationView.h */ = {isa = PBXFileReference; fileEncoding = 4; lastKnownFileType = sourcecode.c.h; name = CENContactAnnotationView.h; path = ../CENContactAnnotationView.h; sourceTree = "<group>"; };
		9C6FF4CC18FF800B0000393D /* CENContactAnnotationView.m */ = {isa = PBXFileReference; fileEncoding = 4; lastKnownFileType = sourcecode.c.objc; name = CENContactAnnotationView.m; path = ../CENContactAnnotationView.m; sourceTree = "<group>"; };
		9C7F6126191EF3F400DFA475 /* CENSearchViewControllerUIView.h */ = {isa = PBXFileReference; fileEncoding = 4; lastKnownFileType = sourcecode.c.h; path = CENSearchViewControllerUIView.h; sourceTree = "<group>"; };
		9C7F6127191EF3F400DFA475 /* CENSearchViewControllerUIView.m */ = {isa = PBXFileReference; fileEncoding = 4; lastKnownFileType = sourcecode.c.objc; path = CENSearchViewControllerUIView.m; sourceTree = "<group>"; };
		9C7F6129191EFA3700DFA475 /* CENPassTouchView.h */ = {isa = PBXFileReference; fileEncoding = 4; lastKnownFileType = sourcecode.c.h; path = CENPassTouchView.h; sourceTree = "<group>"; };
		9C7F612A191EFA3700DFA475 /* CENPassTouchView.m */ = {isa = PBXFileReference; fileEncoding = 4; lastKnownFileType = sourcecode.c.objc; path = CENPassTouchView.m; sourceTree = "<group>"; };
		9CC8CB341900AAB100D33497 /* defaultContactThumbnail.png */ = {isa = PBXFileReference; lastKnownFileType = image.png; name = defaultContactThumbnail.png; path = ../defaultContactThumbnail.png; sourceTree = "<group>"; };
		9CD51C8518F8A095006CCDB1 /* CENLocationController.h */ = {isa = PBXFileReference; fileEncoding = 4; lastKnownFileType = sourcecode.c.h; path = CENLocationController.h; sourceTree = "<group>"; };
		9CD51C8618F8A095006CCDB1 /* CENLocationController.m */ = {isa = PBXFileReference; fileEncoding = 4; lastKnownFileType = sourcecode.c.objc; lineEnding = 0; path = CENLocationController.m; sourceTree = "<group>"; xcLanguageSpecificationIdentifier = xcode.lang.objc; };
		9CD51C8A18F8A566006CCDB1 /* Global Settings.plist */ = {isa = PBXFileReference; fileEncoding = 4; lastKnownFileType = text.plist.xml; path = "Global Settings.plist"; sourceTree = "<group>"; };
		9CD51C8D18FADE72006CCDB1 /* CENCommon.h */ = {isa = PBXFileReference; fileEncoding = 4; lastKnownFileType = sourcecode.c.h; lineEnding = 0; name = CENCommon.h; path = ../CENCommon.h; sourceTree = "<group>"; xcLanguageSpecificationIdentifier = xcode.lang.objcpp; };
		9CD51C8E18FADE72006CCDB1 /* CENCommon.m */ = {isa = PBXFileReference; fileEncoding = 4; lastKnownFileType = sourcecode.c.objc; lineEnding = 0; name = CENCommon.m; path = ../CENCommon.m; sourceTree = "<group>"; xcLanguageSpecificationIdentifier = xcode.lang.objc; };
		9CD51C9118FCA4CA006CCDB1 /* CENMapController.h */ = {isa = PBXFileReference; fileEncoding = 4; lastKnownFileType = sourcecode.c.h; name = CENMapController.h; path = Center/CENMapController.h; sourceTree = "<group>"; };
		9CD51C9218FCA4CA006CCDB1 /* CENMapController.m */ = {isa = PBXFileReference; fileEncoding = 4; lastKnownFileType = sourcecode.c.objc; lineEnding = 0; name = CENMapController.m; path = Center/CENMapController.m; sourceTree = "<group>"; xcLanguageSpecificationIdentifier = xcode.lang.objc; };
		9CD5A835190F282C00C195F8 /* CENMapView.h */ = {isa = PBXFileReference; fileEncoding = 4; lastKnownFileType = sourcecode.c.h; name = CENMapView.h; path = ../CENMapView.h; sourceTree = "<group>"; };
		9CD5A836190F282C00C195F8 /* CENMapView.m */ = {isa = PBXFileReference; fileEncoding = 4; lastKnownFileType = sourcecode.c.objc; name = CENMapView.m; path = ../CENMapView.m; sourceTree = "<group>"; };
		9CE45F4C19037EEC000D2DC4 /* CENContactsMidpointAnnotation.h */ = {isa = PBXFileReference; fileEncoding = 4; lastKnownFileType = sourcecode.c.h; name = CENContactsMidpointAnnotation.h; path = ../CENContactsMidpointAnnotation.h; sourceTree = "<group>"; };
		9CE45F4D19037EEC000D2DC4 /* CENContactsMidpointAnnotation.m */ = {isa = PBXFileReference; fileEncoding = 4; lastKnownFileType = sourcecode.c.objc; name = CENContactsMidpointAnnotation.m; path = ../CENContactsMidpointAnnotation.m; sourceTree = "<group>"; };
		9CE45F4F190390FF000D2DC4 /* CENContactMidpointAnnotationView.h */ = {isa = PBXFileReference; fileEncoding = 4; lastKnownFileType = sourcecode.c.h; name = CENContactMidpointAnnotationView.h; path = ../CENContactMidpointAnnotationView.h; sourceTree = "<group>"; };
		9CE45F50190390FF000D2DC4 /* CENContactMidpointAnnotationView.m */ = {isa = PBXFileReference; fileEncoding = 4; lastKnownFileType = sourcecode.c.objc; name = CENContactMidpointAnnotationView.m; path = ../CENContactMidpointAnnotationView.m; sourceTree = "<group>"; };
/* End PBXFileReference section */

/* Begin PBXFrameworksBuildPhase section */
		9C13355F18F2135E00243849 /* Frameworks */ = {
			isa = PBXFrameworksBuildPhase;
			buildActionMask = 2147483647;
			files = (
				9C1335CE18F8884E00243849 /* AddressBook.framework in Frameworks */,
				9C1335CF18F8884E00243849 /* AddressBookUI.framework in Frameworks */,
				9C1335A518F2186F00243849 /* CoreLocation.framework in Frameworks */,
				9C1335A318F2186800243849 /* MapKit.framework in Frameworks */,
				9C13356818F2135E00243849 /* CoreGraphics.framework in Frameworks */,
				9C13356A18F2135E00243849 /* UIKit.framework in Frameworks */,
				9C13356618F2135E00243849 /* Foundation.framework in Frameworks */,
			);
			runOnlyForDeploymentPostprocessing = 0;
		};
		9C13358018F2135E00243849 /* Frameworks */ = {
			isa = PBXFrameworksBuildPhase;
			buildActionMask = 2147483647;
			files = (
				9C13358518F2135E00243849 /* XCTest.framework in Frameworks */,
				9C13358718F2135E00243849 /* UIKit.framework in Frameworks */,
				9C13358618F2135E00243849 /* Foundation.framework in Frameworks */,
			);
			runOnlyForDeploymentPostprocessing = 0;
		};
/* End PBXFrameworksBuildPhase section */

/* Begin PBXGroup section */
		9C13355918F2135E00243849 = {
			isa = PBXGroup;
			children = (
				9C13356B18F2135E00243849 /* Center */,
				9C13358A18F2135E00243849 /* CenterTests */,
				9C13356418F2135E00243849 /* Frameworks */,
				9C13356318F2135E00243849 /* Products */,
			);
			sourceTree = "<group>";
		};
		9C13356318F2135E00243849 /* Products */ = {
			isa = PBXGroup;
			children = (
				9C13356218F2135E00243849 /* Center.app */,
				9C13358318F2135E00243849 /* CenterTests.xctest */,
			);
			name = Products;
			sourceTree = "<group>";
		};
		9C13356418F2135E00243849 /* Frameworks */ = {
			isa = PBXGroup;
			children = (
				9C1335CC18F8884E00243849 /* AddressBook.framework */,
				9C1335CD18F8884E00243849 /* AddressBookUI.framework */,
				9C1335A418F2186F00243849 /* CoreLocation.framework */,
				9C1335A218F2186800243849 /* MapKit.framework */,
				9C13356518F2135E00243849 /* Foundation.framework */,
				9C13356718F2135E00243849 /* CoreGraphics.framework */,
				9C13356918F2135E00243849 /* UIKit.framework */,
				9C13358418F2135E00243849 /* XCTest.framework */,
			);
			name = Frameworks;
			sourceTree = "<group>";
		};
		9C13356B18F2135E00243849 /* Center */ = {
			isa = PBXGroup;
			children = (
				9C13357418F2135E00243849 /* CENAppDelegate.h */,
				9C13357518F2135E00243849 /* CENAppDelegate.m */,
				9CD51C8D18FADE72006CCDB1 /* CENCommon.h */,
				9CD51C8E18FADE72006CCDB1 /* CENCommon.m */,
				9C1335AA18F636D300243849 /* Views */,
				9C1335AB18F636F700243849 /* Controllers */,
				9C1335BE18F63A8200243849 /* Model */,
				9C13357D18F2135E00243849 /* Images.xcassets */,
				9C13356C18F2135E00243849 /* Supporting Files */,
			);
			path = Center;
			sourceTree = "<group>";
		};
		9C13356C18F2135E00243849 /* Supporting Files */ = {
			isa = PBXGroup;
			children = (
				9CC8CB341900AAB100D33497 /* defaultContactThumbnail.png */,
				9C13356D18F2135E00243849 /* Center-Info.plist */,
				9C13356E18F2135E00243849 /* InfoPlist.strings */,
				9C13357118F2135E00243849 /* main.m */,
				9C13357318F2135E00243849 /* Center-Prefix.pch */,
				9CD51C8A18F8A566006CCDB1 /* Global Settings.plist */,
			);
			name = "Supporting Files";
			sourceTree = "<group>";
		};
		9C13358A18F2135E00243849 /* CenterTests */ = {
			isa = PBXGroup;
			children = (
				9C13359018F2135E00243849 /* CenterTests.m */,
				9C13358B18F2135E00243849 /* Supporting Files */,
			);
			path = CenterTests;
			sourceTree = "<group>";
		};
		9C13358B18F2135E00243849 /* Supporting Files */ = {
			isa = PBXGroup;
			children = (
				9C13358C18F2135E00243849 /* CenterTests-Info.plist */,
				9C13358D18F2135E00243849 /* InfoPlist.strings */,
			);
			name = "Supporting Files";
			sourceTree = "<group>";
		};
		9C13359D18F214C600243849 /* Search View */ = {
			isa = PBXGroup;
			children = (
				9C13359A18F214BC00243849 /* CENSearchViewController.h */,
				9C13359B18F214BC00243849 /* CENSearchViewController.m */,
				9C7F6126191EF3F400DFA475 /* CENSearchViewControllerUIView.h */,
				9C7F6127191EF3F400DFA475 /* CENSearchViewControllerUIView.m */,
			);
			name = "Search View";
			sourceTree = "<group>";
		};
		9C1335A118F214E100243849 /* Contact View */ = {
			isa = PBXGroup;
			children = (
				9C13359E18F214DD00243849 /* CENContactViewController.h */,
				9C13359F18F214DD00243849 /* CENContactViewController.m */,
				9C1335C518F78E0100243849 /* Contact Cell */,
			);
			name = "Contact View";
			sourceTree = "<group>";
		};
		9C1335AA18F636D300243849 /* Views */ = {
			isa = PBXGroup;
			children = (
				9C13357718F2135E00243849 /* Main.storyboard */,
				9C13357A18F2135E00243849 /* CENViewController.h */,
				9C13357B18F2135E00243849 /* CENViewController.m */,
				9CD5A835190F282C00C195F8 /* CENMapView.h */,
				9CD5A836190F282C00C195F8 /* CENMapView.m */,
				9C6FF4C118FE2B770000393D /* Map Annotations */,
				9C13359D18F214C600243849 /* Search View */,
				9C1335A118F214E100243849 /* Contact View */,
				9C18426019154BFD00FB83D7 /* Contact Travel Info View */,
				9C7F6129191EFA3700DFA475 /* CENPassTouchView.h */,
				9C7F612A191EFA3700DFA475 /* CENPassTouchView.m */,
			);
			name = Views;
			sourceTree = "<group>";
		};
		9C1335AB18F636F700243849 /* Controllers */ = {
			isa = PBXGroup;
			children = (
				9CD51C9118FCA4CA006CCDB1 /* CENMapController.h */,
				9CD51C9218FCA4CA006CCDB1 /* CENMapController.m */,
				9CD51C8918F8A0B3006CCDB1 /* Location */,
				9C1335B018F6372B00243849 /* Contacts */,
				9C1335B518F6374900243849 /* Search */,
			);
			name = Controllers;
			path = ..;
			sourceTree = "<group>";
		};
		9C1335B018F6372B00243849 /* Contacts */ = {
			isa = PBXGroup;
			children = (
				9C1335AC18F6372600243849 /* CENContactManager.h */,
				9C1335AD18F6372600243849 /* CENContactManager.m */,
			);
			name = Contacts;
			sourceTree = "<group>";
		};
		9C1335B518F6374900243849 /* Search */ = {
			isa = PBXGroup;
			children = (
				9C1335B618F6376900243849 /* CENSearchManager.h */,
				9C1335B718F6376900243849 /* CENSearchManager.m */,
			);
			name = Search;
			sourceTree = "<group>";
		};
		9C1335BE18F63A8200243849 /* Model */ = {
			isa = PBXGroup;
			children = (
				9C1335BA18F63A7B00243849 /* CENContact.h */,
				9C1335BB18F63A7B00243849 /* CENContact.m */,
			);
			name = Model;
			path = ..;
			sourceTree = "<group>";
		};
		9C1335C518F78E0100243849 /* Contact Cell */ = {
			isa = PBXGroup;
			children = (
				9C1335C918F78EA400243849 /* CENContactViewTableViewCell.h */,
				9C1335CA18F78EA400243849 /* CENContactViewTableViewCell.m */,
			);
			name = "Contact Cell";
			sourceTree = "<group>";
		};
		9C18426019154BFD00FB83D7 /* Contact Travel Info View */ = {
			isa = PBXGroup;
			children = (
				9C1335BF18F7504900243849 /* CENTravelInfoViewController.h */,
				9C1335C018F7504900243849 /* CENTravelInfoViewController.m */,
				9C18426B19171FA100FB83D7 /* Add Contact Cell */,
				9C18426719154EB600FB83D7 /* Contact Info Cell */,
			);
			name = "Contact Travel Info View";
			sourceTree = "<group>";
		};
		9C18426719154EB600FB83D7 /* Contact Info Cell */ = {
			isa = PBXGroup;
			children = (
				9C18425D19154BE200FB83D7 /* CENContactInfoCVCell.h */,
				9C18425E19154BE200FB83D7 /* CENContactInfoCVCell.m */,
				9C18426119154E9300FB83D7 /* CENContactTravelInfoPhotoView.h */,
				9C18426219154E9300FB83D7 /* CENContactTravelInfoPhotoView.m */,
				9C18426419154EAE00FB83D7 /* CENContactTravelInfoBadgeView.h */,
				9C18426519154EAE00FB83D7 /* CENContactTravelInfoBadgeView.m */,
			);
			name = "Contact Info Cell";
			sourceTree = "<group>";
		};
		9C18426B19171FA100FB83D7 /* Add Contact Cell */ = {
			isa = PBXGroup;
			children = (
				9C18426819171F9500FB83D7 /* CENAddContactCVCell.h */,
				9C18426919171F9500FB83D7 /* CENAddContactCVCell.m */,
			);
			name = "Add Contact Cell";
			sourceTree = "<group>";
		};
		9C67F3E0190C5BEA00C80CD7 /* Search Radius Control Annotation */ = {
			isa = PBXGroup;
			children = (
				9C67F3DA190B71FF00C80CD7 /* CENSearchRadiusControlAnnotationView.h */,
				9C67F3DB190B71FF00C80CD7 /* CENSearchRadiusControlAnnotationView.m */,
				9C67F3DD190B720E00C80CD7 /* CENSearchRadiusControlAnnotation.h */,
				9C67F3DE190B720E00C80CD7 /* CENSearchRadiusControlAnnotation.m */,
			);
			name = "Search Radius Control Annotation";
			path = ..;
			sourceTree = "<group>";
		};
		9C67F3E7190C5D7A00C80CD7 /* Midpoint Overlay */ = {
			isa = PBXGroup;
			children = (
				9C67F3E1190C5C7400C80CD7 /* CENContactMidpointOverlayRenderer.h */,
				9C67F3E2190C5C7400C80CD7 /* CENContactMidpointOverlayRenderer.m */,
				9C67F3E4190C5C9D00C80CD7 /* CENContactMidpointOverlay.h */,
				9C67F3E5190C5C9D00C80CD7 /* CENContactMidpointOverlay.m */,
			);
			name = "Midpoint Overlay";
			sourceTree = "<group>";
		};
		9C67F3E8190C5D8C00C80CD7 /* Midpoint Annotation */ = {
			isa = PBXGroup;
			children = (
				9CE45F4C19037EEC000D2DC4 /* CENContactsMidpointAnnotation.h */,
				9CE45F4D19037EEC000D2DC4 /* CENContactsMidpointAnnotation.m */,
				9CE45F4F190390FF000D2DC4 /* CENContactMidpointAnnotationView.h */,
				9CE45F50190390FF000D2DC4 /* CENContactMidpointAnnotationView.m */,
			);
			name = "Midpoint Annotation";
			sourceTree = "<group>";
		};
		9C6FF4C018FE2B450000393D /* Contact Annotation */ = {
			isa = PBXGroup;
			children = (
				9C6FF4BC18FE20BC0000393D /* CENContactAnnotation.h */,
				9C6FF4BD18FE20BC0000393D /* CENContactAnnotation.m */,
				9C6FF4CB18FF800B0000393D /* CENContactAnnotationView.h */,
				9C6FF4CC18FF800B0000393D /* CENContactAnnotationView.m */,
			);
			name = "Contact Annotation";
			sourceTree = "<group>";
		};
		9C6FF4C118FE2B770000393D /* Map Annotations */ = {
			isa = PBXGroup;
			children = (
				9C67F3E8190C5D8C00C80CD7 /* Midpoint Annotation */,
				9C67F3E7190C5D7A00C80CD7 /* Midpoint Overlay */,
				9C67F3E0190C5BEA00C80CD7 /* Search Radius Control Annotation */,
				9C6FF4C018FE2B450000393D /* Contact Annotation */,
				9C6FF4C618FE2BCD0000393D /* Search Result Annotation */,
			);
			name = "Map Annotations";
			sourceTree = "<group>";
		};
		9C6FF4C618FE2BCD0000393D /* Search Result Annotation */ = {
			isa = PBXGroup;
			children = (
				9C6FF4C218FE2BC50000393D /* CENSearchResultAnnotation.h */,
				9C6FF4C318FE2BC50000393D /* CENSearchResultAnnotation.m */,
			);
			name = "Search Result Annotation";
			sourceTree = "<group>";
		};
		9CD51C8918F8A0B3006CCDB1 /* Location */ = {
			isa = PBXGroup;
			children = (
				9CD51C8518F8A095006CCDB1 /* CENLocationController.h */,
				9CD51C8618F8A095006CCDB1 /* CENLocationController.m */,
				9C6FF4C718FE2D4F0000393D /* CENSearchResult.h */,
				9C6FF4C818FE2D4F0000393D /* CENSearchResult.m */,
			);
			name = Location;
			sourceTree = "<group>";
		};
/* End PBXGroup section */

/* Begin PBXNativeTarget section */
		9C13356118F2135E00243849 /* Center */ = {
			isa = PBXNativeTarget;
			buildConfigurationList = 9C13359418F2135E00243849 /* Build configuration list for PBXNativeTarget "Center" */;
			buildPhases = (
				9C13355E18F2135E00243849 /* Sources */,
				9C13355F18F2135E00243849 /* Frameworks */,
				9C13356018F2135E00243849 /* Resources */,
			);
			buildRules = (
			);
			dependencies = (
			);
			name = Center;
			productName = Center;
			productReference = 9C13356218F2135E00243849 /* Center.app */;
			productType = "com.apple.product-type.application";
		};
		9C13358218F2135E00243849 /* CenterTests */ = {
			isa = PBXNativeTarget;
			buildConfigurationList = 9C13359718F2135E00243849 /* Build configuration list for PBXNativeTarget "CenterTests" */;
			buildPhases = (
				9C13357F18F2135E00243849 /* Sources */,
				9C13358018F2135E00243849 /* Frameworks */,
				9C13358118F2135E00243849 /* Resources */,
			);
			buildRules = (
			);
			dependencies = (
				9C13358918F2135E00243849 /* PBXTargetDependency */,
			);
			name = CenterTests;
			productName = CenterTests;
			productReference = 9C13358318F2135E00243849 /* CenterTests.xctest */;
			productType = "com.apple.product-type.bundle.unit-test";
		};
/* End PBXNativeTarget section */

/* Begin PBXProject section */
		9C13355A18F2135E00243849 /* Project object */ = {
			isa = PBXProject;
			attributes = {
				CLASSPREFIX = CEN;
				LastUpgradeCheck = 0510;
				ORGANIZATIONNAME = "Aron Schneider";
				TargetAttributes = {
					9C13358218F2135E00243849 = {
						TestTargetID = 9C13356118F2135E00243849;
					};
				};
			};
			buildConfigurationList = 9C13355D18F2135E00243849 /* Build configuration list for PBXProject "Center" */;
			compatibilityVersion = "Xcode 3.2";
			developmentRegion = English;
			hasScannedForEncodings = 0;
			knownRegions = (
				en,
				Base,
			);
			mainGroup = 9C13355918F2135E00243849;
			productRefGroup = 9C13356318F2135E00243849 /* Products */;
			projectDirPath = "";
			projectRoot = "";
			targets = (
				9C13356118F2135E00243849 /* Center */,
				9C13358218F2135E00243849 /* CenterTests */,
			);
		};
/* End PBXProject section */

/* Begin PBXResourcesBuildPhase section */
		9C13356018F2135E00243849 /* Resources */ = {
			isa = PBXResourcesBuildPhase;
			buildActionMask = 2147483647;
			files = (
				9C13357E18F2135E00243849 /* Images.xcassets in Resources */,
				9C13357018F2135E00243849 /* InfoPlist.strings in Resources */,
				9CC8CB351900AAB100D33497 /* defaultContactThumbnail.png in Resources */,
				9CD51C8B18F8A566006CCDB1 /* Global Settings.plist in Resources */,
				9C13357918F2135E00243849 /* Main.storyboard in Resources */,
			);
			runOnlyForDeploymentPostprocessing = 0;
		};
		9C13358118F2135E00243849 /* Resources */ = {
			isa = PBXResourcesBuildPhase;
			buildActionMask = 2147483647;
			files = (
				9C13358F18F2135E00243849 /* InfoPlist.strings in Resources */,
				9CD51C8C18F8A566006CCDB1 /* Global Settings.plist in Resources */,
			);
			runOnlyForDeploymentPostprocessing = 0;
		};
/* End PBXResourcesBuildPhase section */

/* Begin PBXSourcesBuildPhase section */
		9C13355E18F2135E00243849 /* Sources */ = {
			isa = PBXSourcesBuildPhase;
			buildActionMask = 2147483647;
			files = (
				9C13357218F2135E00243849 /* main.m in Sources */,
				9C67F3E3190C5C7400C80CD7 /* CENContactMidpointOverlayRenderer.m in Sources */,
				9C1335BC18F63A7B00243849 /* CENContact.m in Sources */,
				9C7F6128191EF3F400DFA475 /* CENSearchViewControllerUIView.m in Sources */,
				9C1335C118F7504900243849 /* CENTravelInfoViewController.m in Sources */,
				9C6FF4CD18FF800B0000393D /* CENContactAnnotationView.m in Sources */,
				9CD51C9318FCA4CA006CCDB1 /* CENMapController.m in Sources */,
				9C1335A018F214DD00243849 /* CENContactViewController.m in Sources */,
				9CD51C8718F8A095006CCDB1 /* CENLocationController.m in Sources */,
				9C6FF4C418FE2BC50000393D /* CENSearchResultAnnotation.m in Sources */,
				9C6FF4C918FE2D4F0000393D /* CENSearchResult.m in Sources */,
				9CE45F4E19037EEC000D2DC4 /* CENContactsMidpointAnnotation.m in Sources */,
				9CD51C8F18FADE72006CCDB1 /* CENCommon.m in Sources */,
				9C18426A19171F9500FB83D7 /* CENAddContactCVCell.m in Sources */,
				9C13357618F2135E00243849 /* CENAppDelegate.m in Sources */,
				9C1335B818F6376900243849 /* CENSearchManager.m in Sources */,
				9CD5A837190F282C00C195F8 /* CENMapView.m in Sources */,
				9C67F3DC190B71FF00C80CD7 /* CENSearchRadiusControlAnnotationView.m in Sources */,
				9C1335CB18F78EA400243849 /* CENContactViewTableViewCell.m in Sources */,
				9C18426319154E9300FB83D7 /* CENContactTravelInfoPhotoView.m in Sources */,
				9C18425F19154BE200FB83D7 /* CENContactInfoCVCell.m in Sources */,
				9C1335AE18F6372600243849 /* CENContactManager.m in Sources */,
				9C7F612B191EFA3700DFA475 /* CENPassTouchView.m in Sources */,
				9C13357C18F2135E00243849 /* CENViewController.m in Sources */,
				9CE45F51190390FF000D2DC4 /* CENContactMidpointAnnotationView.m in Sources */,
				9C18426619154EAE00FB83D7 /* CENContactTravelInfoBadgeView.m in Sources */,
				9C67F3E6190C5C9D00C80CD7 /* CENContactMidpointOverlay.m in Sources */,
				9C13359C18F214BC00243849 /* CENSearchViewController.m in Sources */,
				9C6FF4BE18FE20BC0000393D /* CENContactAnnotation.m in Sources */,
				9C67F3DF190B720E00C80CD7 /* CENSearchRadiusControlAnnotation.m in Sources */,
			);
			runOnlyForDeploymentPostprocessing = 0;
		};
		9C13357F18F2135E00243849 /* Sources */ = {
			isa = PBXSourcesBuildPhase;
			buildActionMask = 2147483647;
			files = (
				9C13359118F2135E00243849 /* CenterTests.m in Sources */,
				9C6FF4BF18FE20BC0000393D /* CENContactAnnotation.m in Sources */,
				9C1335BD18F63A7B00243849 /* CENContact.m in Sources */,
				9C6FF4CE18FF800B0000393D /* CENContactAnnotationView.m in Sources */,
				9CD51C8818F8A095006CCDB1 /* CENLocationController.m in Sources */,
				9CD51C9418FCA4CA006CCDB1 /* CENMapController.m in Sources */,
				9C1335AF18F6372600243849 /* CENContactManager.m in Sources */,
				9C6FF4C518FE2BC50000393D /* CENSearchResultAnnotation.m in Sources */,
				9C1335B918F6376900243849 /* CENSearchManager.m in Sources */,
				9CD51C9018FADE72006CCDB1 /* CENCommon.m in Sources */,
				9C6FF4CA18FE2D4F0000393D /* CENSearchResult.m in Sources */,
			);
			runOnlyForDeploymentPostprocessing = 0;
		};
/* End PBXSourcesBuildPhase section */

/* Begin PBXTargetDependency section */
		9C13358918F2135E00243849 /* PBXTargetDependency */ = {
			isa = PBXTargetDependency;
			target = 9C13356118F2135E00243849 /* Center */;
			targetProxy = 9C13358818F2135E00243849 /* PBXContainerItemProxy */;
		};
/* End PBXTargetDependency section */

/* Begin PBXVariantGroup section */
		9C13356E18F2135E00243849 /* InfoPlist.strings */ = {
			isa = PBXVariantGroup;
			children = (
				9C13356F18F2135E00243849 /* en */,
			);
			name = InfoPlist.strings;
			sourceTree = "<group>";
		};
		9C13357718F2135E00243849 /* Main.storyboard */ = {
			isa = PBXVariantGroup;
			children = (
				9C13357818F2135E00243849 /* Base */,
			);
			name = Main.storyboard;
			sourceTree = "<group>";
		};
		9C13358D18F2135E00243849 /* InfoPlist.strings */ = {
			isa = PBXVariantGroup;
			children = (
				9C13358E18F2135E00243849 /* en */,
			);
			name = InfoPlist.strings;
			sourceTree = "<group>";
		};
/* End PBXVariantGroup section */

/* Begin XCBuildConfiguration section */
		9C13359218F2135E00243849 /* Debug */ = {
			isa = XCBuildConfiguration;
			buildSettings = {
				ALWAYS_SEARCH_USER_PATHS = NO;
				CLANG_ANALYZER_SECURITY_FLOATLOOPCOUNTER = YES;
				CLANG_ANALYZER_SECURITY_INSECUREAPI_RAND = YES;
				CLANG_CXX_LANGUAGE_STANDARD = "gnu++0x";
				CLANG_CXX_LIBRARY = "libc++";
				CLANG_ENABLE_MODULES = YES;
				CLANG_ENABLE_OBJC_ARC = YES;
				CLANG_WARN_BOOL_CONVERSION = YES;
				CLANG_WARN_CONSTANT_CONVERSION = YES;
				CLANG_WARN_DIRECT_OBJC_ISA_USAGE = YES_ERROR;
				CLANG_WARN_DOCUMENTATION_COMMENTS = YES;
				CLANG_WARN_EMPTY_BODY = YES;
				CLANG_WARN_ENUM_CONVERSION = YES;
				CLANG_WARN_IMPLICIT_SIGN_CONVERSION = YES;
				CLANG_WARN_INT_CONVERSION = YES;
				CLANG_WARN_OBJC_IMPLICIT_ATOMIC_PROPERTIES = YES;
				CLANG_WARN_OBJC_IMPLICIT_RETAIN_SELF = YES;
				CLANG_WARN_OBJC_RECEIVER_WEAK = NO;
				CLANG_WARN_OBJC_REPEATED_USE_OF_WEAK = NO;
				CLANG_WARN_OBJC_ROOT_CLASS = YES_ERROR;
				CLANG_WARN_SUSPICIOUS_IMPLICIT_CONVERSION = YES;
				CLANG_WARN__DUPLICATE_METHOD_MATCH = YES;
				"CODE_SIGN_IDENTITY[sdk=iphoneos*]" = "iPhone Developer";
				COPY_PHASE_STRIP = NO;
				GCC_C_LANGUAGE_STANDARD = gnu99;
				GCC_DYNAMIC_NO_PIC = NO;
				GCC_OPTIMIZATION_LEVEL = 0;
				GCC_PREPROCESSOR_DEFINITIONS = (
					"DEBUG=1",
					"$(inherited)",
				);
				GCC_SYMBOLS_PRIVATE_EXTERN = NO;
				GCC_TREAT_INCOMPATIBLE_POINTER_TYPE_WARNINGS_AS_ERRORS = YES;
				GCC_TREAT_WARNINGS_AS_ERRORS = YES;
				GCC_WARN_64_TO_32_BIT_CONVERSION = YES;
				GCC_WARN_ABOUT_MISSING_FIELD_INITIALIZERS = YES;
				GCC_WARN_ABOUT_RETURN_TYPE = YES_ERROR;
				GCC_WARN_INITIALIZER_NOT_FULLY_BRACKETED = YES;
				GCC_WARN_SHADOW = YES;
				GCC_WARN_SIGN_COMPARE = YES;
				GCC_WARN_UNDECLARED_SELECTOR = YES;
				GCC_WARN_UNINITIALIZED_AUTOS = YES_AGGRESSIVE;
				GCC_WARN_UNUSED_FUNCTION = YES;
				GCC_WARN_UNUSED_VARIABLE = YES;
				IPHONEOS_DEPLOYMENT_TARGET = 7.1;
				ONLY_ACTIVE_ARCH = YES;
				SDKROOT = iphoneos;
			};
			name = Debug;
		};
		9C13359318F2135E00243849 /* Release */ = {
			isa = XCBuildConfiguration;
			buildSettings = {
				ALWAYS_SEARCH_USER_PATHS = NO;
				CLANG_ANALYZER_SECURITY_FLOATLOOPCOUNTER = YES;
				CLANG_ANALYZER_SECURITY_INSECUREAPI_RAND = YES;
				CLANG_CXX_LANGUAGE_STANDARD = "gnu++0x";
				CLANG_CXX_LIBRARY = "libc++";
				CLANG_ENABLE_MODULES = YES;
				CLANG_ENABLE_OBJC_ARC = YES;
				CLANG_WARN_BOOL_CONVERSION = YES;
				CLANG_WARN_CONSTANT_CONVERSION = YES;
				CLANG_WARN_DIRECT_OBJC_ISA_USAGE = YES_ERROR;
				CLANG_WARN_DOCUMENTATION_COMMENTS = YES;
				CLANG_WARN_EMPTY_BODY = YES;
				CLANG_WARN_ENUM_CONVERSION = YES;
				CLANG_WARN_IMPLICIT_SIGN_CONVERSION = YES;
				CLANG_WARN_INT_CONVERSION = YES;
				CLANG_WARN_OBJC_IMPLICIT_ATOMIC_PROPERTIES = YES;
				CLANG_WARN_OBJC_IMPLICIT_RETAIN_SELF = YES;
				CLANG_WARN_OBJC_RECEIVER_WEAK = NO;
				CLANG_WARN_OBJC_REPEATED_USE_OF_WEAK = NO;
				CLANG_WARN_OBJC_ROOT_CLASS = YES_ERROR;
				CLANG_WARN_SUSPICIOUS_IMPLICIT_CONVERSION = YES;
				CLANG_WARN__DUPLICATE_METHOD_MATCH = YES;
				"CODE_SIGN_IDENTITY[sdk=iphoneos*]" = "iPhone Developer";
				COPY_PHASE_STRIP = YES;
				ENABLE_NS_ASSERTIONS = NO;
				GCC_C_LANGUAGE_STANDARD = gnu99;
				GCC_TREAT_INCOMPATIBLE_POINTER_TYPE_WARNINGS_AS_ERRORS = YES;
				GCC_TREAT_WARNINGS_AS_ERRORS = YES;
				GCC_WARN_64_TO_32_BIT_CONVERSION = YES;
				GCC_WARN_ABOUT_MISSING_FIELD_INITIALIZERS = YES;
				GCC_WARN_ABOUT_RETURN_TYPE = YES_ERROR;
				GCC_WARN_INITIALIZER_NOT_FULLY_BRACKETED = YES;
				GCC_WARN_SHADOW = YES;
				GCC_WARN_SIGN_COMPARE = YES;
				GCC_WARN_UNDECLARED_SELECTOR = YES;
				GCC_WARN_UNINITIALIZED_AUTOS = YES_AGGRESSIVE;
				GCC_WARN_UNUSED_FUNCTION = YES;
				GCC_WARN_UNUSED_VARIABLE = YES;
				IPHONEOS_DEPLOYMENT_TARGET = 7.1;
				SDKROOT = iphoneos;
				VALIDATE_PRODUCT = YES;
			};
			name = Release;
		};
		9C13359518F2135E00243849 /* Debug */ = {
			isa = XCBuildConfiguration;
			buildSettings = {
				ASSETCATALOG_COMPILER_APPICON_NAME = AppIcon;
				ASSETCATALOG_COMPILER_LAUNCHIMAGE_NAME = LaunchImage;
				GCC_PRECOMPILE_PREFIX_HEADER = YES;
				GCC_PREFIX_HEADER = "Center/Center-Prefix.pch";
				INFOPLIST_FILE = "Center/Center-Info.plist";
				PRODUCT_NAME = "$(TARGET_NAME)";
				WRAPPER_EXTENSION = app;
			};
			name = Debug;
		};
		9C13359618F2135E00243849 /* Release */ = {
			isa = XCBuildConfiguration;
			buildSettings = {
				ASSETCATALOG_COMPILER_APPICON_NAME = AppIcon;
				ASSETCATALOG_COMPILER_LAUNCHIMAGE_NAME = LaunchImage;
				GCC_PRECOMPILE_PREFIX_HEADER = YES;
				GCC_PREFIX_HEADER = "Center/Center-Prefix.pch";
				INFOPLIST_FILE = "Center/Center-Info.plist";
				PRODUCT_NAME = "$(TARGET_NAME)";
				WRAPPER_EXTENSION = app;
			};
			name = Release;
		};
		9C13359818F2135E00243849 /* Debug */ = {
			isa = XCBuildConfiguration;
			buildSettings = {
				BUNDLE_LOADER = "$(BUILT_PRODUCTS_DIR)/Center.app/Center";
				FRAMEWORK_SEARCH_PATHS = (
					"$(SDKROOT)/Developer/Library/Frameworks",
					"$(inherited)",
					"$(DEVELOPER_FRAMEWORKS_DIR)",
				);
				GCC_PRECOMPILE_PREFIX_HEADER = YES;
				GCC_PREFIX_HEADER = "Center/Center-Prefix.pch";
				GCC_PREPROCESSOR_DEFINITIONS = (
					"DEBUG=1",
					"$(inherited)",
				);
				INFOPLIST_FILE = "CenterTests/CenterTests-Info.plist";
				PRODUCT_NAME = "$(TARGET_NAME)";
				TEST_HOST = "$(BUNDLE_LOADER)";
				WRAPPER_EXTENSION = xctest;
			};
			name = Debug;
		};
		9C13359918F2135E00243849 /* Release */ = {
			isa = XCBuildConfiguration;
			buildSettings = {
				BUNDLE_LOADER = "$(BUILT_PRODUCTS_DIR)/Center.app/Center";
				FRAMEWORK_SEARCH_PATHS = (
					"$(SDKROOT)/Developer/Library/Frameworks",
					"$(inherited)",
					"$(DEVELOPER_FRAMEWORKS_DIR)",
				);
				GCC_PRECOMPILE_PREFIX_HEADER = YES;
				GCC_PREFIX_HEADER = "Center/Center-Prefix.pch";
				INFOPLIST_FILE = "CenterTests/CenterTests-Info.plist";
				PRODUCT_NAME = "$(TARGET_NAME)";
				TEST_HOST = "$(BUNDLE_LOADER)";
				WRAPPER_EXTENSION = xctest;
			};
			name = Release;
		};
/* End XCBuildConfiguration section */

/* Begin XCConfigurationList section */
		9C13355D18F2135E00243849 /* Build configuration list for PBXProject "Center" */ = {
			isa = XCConfigurationList;
			buildConfigurations = (
				9C13359218F2135E00243849 /* Debug */,
				9C13359318F2135E00243849 /* Release */,
			);
			defaultConfigurationIsVisible = 0;
			defaultConfigurationName = Release;
		};
		9C13359418F2135E00243849 /* Build configuration list for PBXNativeTarget "Center" */ = {
			isa = XCConfigurationList;
			buildConfigurations = (
				9C13359518F2135E00243849 /* Debug */,
				9C13359618F2135E00243849 /* Release */,
			);
			defaultConfigurationIsVisible = 0;
			defaultConfigurationName = Release;
		};
		9C13359718F2135E00243849 /* Build configuration list for PBXNativeTarget "CenterTests" */ = {
			isa = XCConfigurationList;
			buildConfigurations = (
				9C13359818F2135E00243849 /* Debug */,
				9C13359918F2135E00243849 /* Release */,
			);
			defaultConfigurationIsVisible = 0;
			defaultConfigurationName = Release;
		};
/* End XCConfigurationList section */
	};
	rootObject = 9C13355A18F2135E00243849 /* Project object */;
}
